// !$*UTF8*$!
{
	archiveVersion = 1;
	classes = {
	};
	objectVersion = 46;
	objects = {

/* Begin PBXBuildFile section */
		B3CC71941DE79CED0071FFEC /* main.m in Sources */ = {isa = PBXBuildFile; fileRef = B3CC71931DE79CED0071FFEC /* main.m */; };
		B3CC71971DE79CED0071FFEC /* AppDelegate.m in Sources */ = {isa = PBXBuildFile; fileRef = B3CC71961DE79CED0071FFEC /* AppDelegate.m */; };
		B3CC719A1DE79CED0071FFEC /* ViewController.m in Sources */ = {isa = PBXBuildFile; fileRef = B3CC71991DE79CED0071FFEC /* ViewController.m */; };
		B3CC719D1DE79CED0071FFEC /* Main.storyboard in Resources */ = {isa = PBXBuildFile; fileRef = B3CC719B1DE79CED0071FFEC /* Main.storyboard */; };
		B3CC719F1DE79CED0071FFEC /* Assets.xcassets in Resources */ = {isa = PBXBuildFile; fileRef = B3CC719E1DE79CED0071FFEC /* Assets.xcassets */; };
		B3CC71A21DE79CED0071FFEC /* LaunchScreen.storyboard in Resources */ = {isa = PBXBuildFile; fileRef = B3CC71A01DE79CED0071FFEC /* LaunchScreen.storyboard */; };
/* End PBXBuildFile section */

/* Begin PBXFileReference section */
		B3CC718F1DE79CED0071FFEC /* Map-C.app */ = {isa = PBXFileReference; explicitFileType = wrapper.application; includeInIndex = 0; path = "Map-C.app"; sourceTree = BUILT_PRODUCTS_DIR; };
		B3CC71931DE79CED0071FFEC /* main.m */ = {isa = PBXFileReference; lastKnownFileType = sourcecode.c.objc; path = main.m; sourceTree = "<group>"; };
		B3CC71951DE79CED0071FFEC /* AppDelegate.h */ = {isa = PBXFileReference; lastKnownFileType = sourcecode.c.h; path = AppDelegate.h; sourceTree = "<group>"; };
		B3CC71961DE79CED0071FFEC /* AppDelegate.m */ = {isa = PBXFileReference; lastKnownFileType = sourcecode.c.objc; path = AppDelegate.m; sourceTree = "<group>"; };
		B3CC71981DE79CED0071FFEC /* ViewController.h */ = {isa = PBXFileReference; lastKnownFileType = sourcecode.c.h; path = ViewController.h; sourceTree = "<group>"; };
		B3CC71991DE79CED0071FFEC /* ViewController.m */ = {isa = PBXFileReference; lastKnownFileType = sourcecode.c.objc; path = ViewController.m; sourceTree = "<group>"; };
		B3CC719C1DE79CED0071FFEC /* Base */ = {isa = PBXFileReference; lastKnownFileType = file.storyboard; name = Base; path = Base.lproj/Main.storyboard; sourceTree = "<group>"; };
		B3CC719E1DE79CED0071FFEC /* Assets.xcassets */ = {isa = PBXFileReference; lastKnownFileType = folder.assetcatalog; path = Assets.xcassets; sourceTree = "<group>"; };
		B3CC71A11DE79CED0071FFEC /* Base */ = {isa = PBXFileReference; lastKnownFileType = file.storyboard; name = Base; path = Base.lproj/LaunchScreen.storyboard; sourceTree = "<group>"; };
		B3CC71A31DE79CED0071FFEC /* Info.plist */ = {isa = PBXFileReference; lastKnownFileType = text.plist.xml; path = Info.plist; sourceTree = "<group>"; };
/* End PBXFileReference section */

/* Begin PBXFrameworksBuildPhase section */
		B3CC718C1DE79CEC0071FFEC /* Frameworks */ = {
			isa = PBXFrameworksBuildPhase;
			buildActionMask = 2147483647;
			files = (
			);
			runOnlyForDeploymentPostprocessing = 0;
		};
/* End PBXFrameworksBuildPhase section */

/* Begin PBXGroup section */
		B3CC71861DE79CEC0071FFEC = {
			isa = PBXGroup;
			children = (
				B3CC71911DE79CED0071FFEC /* Map-C */,
				B3CC71901DE79CED0071FFEC /* Products */,
			);
			sourceTree = "<group>";
		};
		B3CC71901DE79CED0071FFEC /* Products */ = {
			isa = PBXGroup;
			children = (
				B3CC718F1DE79CED0071FFEC /* Map-C.app */,
			);
			name = Products;
			sourceTree = "<group>";
		};
		B3CC71911DE79CED0071FFEC /* Map-C */ = {
			isa = PBXGroup;
			children = (
				B3CC71951DE79CED0071FFEC /* AppDelegate.h */,
				B3CC71961DE79CED0071FFEC /* AppDelegate.m */,
				B3CC71981DE79CED0071FFEC /* ViewController.h */,
				B3CC71991DE79CED0071FFEC /* ViewController.m */,
				B3CC719B1DE79CED0071FFEC /* Main.storyboard */,
				B3CC719E1DE79CED0071FFEC /* Assets.xcassets */,
				B3CC71A01DE79CED0071FFEC /* LaunchScreen.storyboard */,
				B3CC71A31DE79CED0071FFEC /* Info.plist */,
				B3CC71921DE79CED0071FFEC /* Supporting Files */,
			);
			path = "Map-C";
			sourceTree = "<group>";
		};
		B3CC71921DE79CED0071FFEC /* Supporting Files */ = {
			isa = PBXGroup;
			children = (
				B3CC71931DE79CED0071FFEC /* main.m */,
			);
			name = "Supporting Files";
			sourceTree = "<group>";
		};
/* End PBXGroup section */

/* Begin PBXNativeTarget section */
		B3CC718E1DE79CEC0071FFEC /* Map-C */ = {
			isa = PBXNativeTarget;
			buildConfigurationList = B3CC71A61DE79CED0071FFEC /* Build configuration list for PBXNativeTarget "Map-C" */;
			buildPhases = (
				B3CC718B1DE79CEC0071FFEC /* Sources */,
				B3CC718C1DE79CEC0071FFEC /* Frameworks */,
				B3CC718D1DE79CEC0071FFEC /* Resources */,
			);
			buildRules = (
			);
			dependencies = (
			);
			name = "Map-C";
			productName = "Map-C";
			productReference = B3CC718F1DE79CED0071FFEC /* Map-C.app */;
			productType = "com.apple.product-type.application";
		};
/* End PBXNativeTarget section */

/* Begin PBXProject section */
		B3CC71871DE79CEC0071FFEC /* Project object */ = {
			isa = PBXProject;
			attributes = {
				LastUpgradeCheck = 0810;
				ORGANIZATIONNAME = Rui;
				TargetAttributes = {
					B3CC718E1DE79CEC0071FFEC = {
						CreatedOnToolsVersion = 8.1;
						ProvisioningStyle = Automatic;
						SystemCapabilities = {
							com.apple.BackgroundModes = {
								enabled = 1;
							};
						};
					};
				};
			};
			buildConfigurationList = B3CC718A1DE79CEC0071FFEC /* Build configuration list for PBXProject "Map-C" */;
			compatibilityVersion = "Xcode 3.2";
			developmentRegion = English;
			hasScannedForEncodings = 0;
			knownRegions = (
				en,
				Base,
			);
			mainGroup = B3CC71861DE79CEC0071FFEC;
			productRefGroup = B3CC71901DE79CED0071FFEC /* Products */;
			projectDirPath = "";
			projectRoot = "";
			targets = (
				B3CC718E1DE79CEC0071FFEC /* Map-C */,
			);
		};
/* End PBXProject section */

/* Begin PBXResourcesBuildPhase section */
		B3CC718D1DE79CEC0071FFEC /* Resources */ = {
			isa = PBXResourcesBuildPhase;
			buildActionMask = 2147483647;
			files = (
				B3CC71A21DE79CED0071FFEC /* LaunchScreen.storyboard in Resources */,
				B3CC719F1DE79CED0071FFEC /* Assets.xcassets in Resources */,
				B3CC719D1DE79CED0071FFEC /* Main.storyboard in Resources */,
			);
			runOnlyForDeploymentPostprocessing = 0;
		};
/* End PBXResourcesBuildPhase section */

/* Begin PBXSourcesBuildPhase section */
		B3CC718B1DE79CEC0071FFEC /* Sources */ = {
			isa = PBXSourcesBuildPhase;
			buildActionMask = 2147483647;
			files = (
				B3CC719A1DE79CED0071FFEC /* ViewController.m in Sources */,
				B3CC71971DE79CED0071FFEC /* AppDelegate.m in Sources */,
				B3CC71941DE79CED0071FFEC /* main.m in Sources */,
			);
			runOnlyForDeploymentPostprocessing = 0;
		};
/* End PBXSourcesBuildPhase section */

/* Begin PBXVariantGroup section */
		B3CC719B1DE79CED0071FFEC /* Main.storyboard */ = {
			isa = PBXVariantGroup;
			children = (
				B3CC719C1DE79CED0071FFEC /* Base */,
			);
			name = Main.storyboard;
			sourceTree = "<group>";
		};
		B3CC71A01DE79CED0071FFEC /* LaunchScreen.storyboard */ = {
			isa = PBXVariantGroup;
			children = (
				B3CC71A11DE79CED0071FFEC /* Base */,
			);
			name = LaunchScreen.storyboard;
			sourceTree = "<group>";
		};
/* End PBXVariantGroup section */

/* Begin XCBuildConfiguration section */
		B3CC71A41DE79CED0071FFEC /* Debug */ = {
			isa = XCBuildConfiguration;
			buildSettings = {
				ALWAYS_SEARCH_USER_PATHS = NO;
				CLANG_ANALYZER_NONNULL = YES;
				CLANG_CXX_LANGUAGE_STANDARD = "gnu++0x";
				CLANG_CXX_LIBRARY = "libc++";
				CLANG_ENABLE_MODULES = YES;
				CLANG_ENABLE_OBJC_ARC = YES;
				CLANG_WARN_BOOL_CONVERSION = YES;
				CLANG_WARN_CONSTANT_CONVERSION = YES;
				CLANG_WARN_DIRECT_OBJC_ISA_USAGE = YES_ERROR;
				CLANG_WARN_DOCUMENTATION_COMMENTS = YES;
				CLANG_WARN_EMPTY_BODY = YES;
				CLANG_WARN_ENUM_CONVERSION = YES;
				CLANG_WARN_INFINITE_RECURSION = YES;
				CLANG_WARN_INT_CONVERSION = YES;
				CLANG_WARN_OBJC_ROOT_CLASS = YES_ERROR;
				CLANG_WARN_SUSPICIOUS_MOVES = YES;
				CLANG_WARN_UNREACHABLE_CODE = YES;
				CLANG_WARN__DUPLICATE_METHOD_MATCH = YES;
				"CODE_SIGN_IDENTITY[sdk=iphoneos*]" = "iPhone Developer";
				COPY_PHASE_STRIP = NO;
				DEBUG_INFORMATION_FORMAT = dwarf;
				ENABLE_STRICT_OBJC_MSGSEND = YES;
				ENABLE_TESTABILITY = YES;
				GCC_C_LANGUAGE_STANDARD = gnu99;
				GCC_DYNAMIC_NO_PIC = NO;
				GCC_NO_COMMON_BLOCKS = YES;
				GCC_OPTIMIZATION_LEVEL = 0;
				GCC_PREPROCESSOR_DEFINITIONS = (
					"DEBUG=1",
					"$(inherited)",
				);
				GCC_WARN_64_TO_32_BIT_CONVERSION = YES;
				GCC_WARN_ABOUT_RETURN_TYPE = YES_ERROR;
				GCC_WARN_UNDECLARED_SELECTOR = YES;
				GCC_WARN_UNINITIALIZED_AUTOS = YES_AGGRESSIVE;
				GCC_WARN_UNUSED_FUNCTION = YES;
				GCC_WARN_UNUSED_VARIABLE = YES;
				IPHONEOS_DEPLOYMENT_TARGET = 10.1;
				MTL_ENABLE_DEBUG_INFO = YES;
				ONLY_ACTIVE_ARCH = YES;
				SDKROOT = iphoneos;
			};
			name = Debug;
		};
		B3CC71A51DE79CED0071FFEC /* Release */ = {
			isa = XCBuildConfiguration;
			buildSettings = {
				ALWAYS_SEARCH_USER_PATHS = NO;
				CLANG_ANALYZER_NONNULL = YES;
				CLANG_CXX_LANGUAGE_STANDARD = "gnu++0x";
				CLANG_CXX_LIBRARY = "libc++";
				CLANG_ENABLE_MODULES = YES;
				CLANG_ENABLE_OBJC_ARC = YES;
				CLANG_WARN_BOOL_CONVERSION = YES;
				CLANG_WARN_CONSTANT_CONVERSION = YES;
				CLANG_WARN_DIRECT_OBJC_ISA_USAGE = YES_ERROR;
				CLANG_WARN_DOCUMENTATION_COMMENTS = YES;
				CLANG_WARN_EMPTY_BODY = YES;
				CLANG_WARN_ENUM_CONVERSION = YES;
				CLANG_WARN_INFINITE_RECURSION = YES;
				CLANG_WARN_INT_CONVERSION = YES;
				CLANG_WARN_OBJC_ROOT_CLASS = YES_ERROR;
				CLANG_WARN_SUSPICIOUS_MOVES = YES;
				CLANG_WARN_UNREACHABLE_CODE = YES;
				CLANG_WARN__DUPLICATE_METHOD_MATCH = YES;
				"CODE_SIGN_IDENTITY[sdk=iphoneos*]" = "iPhone Developer";
				COPY_PHASE_STRIP = NO;
				DEBUG_INFORMATION_FORMAT = "dwarf-with-dsym";
				ENABLE_NS_ASSERTIONS = NO;
				ENABLE_STRICT_OBJC_MSGSEND = YES;
				GCC_C_LANGUAGE_STANDARD = gnu99;
				GCC_NO_COMMON_BLOCKS = YES;
				GCC_WARN_64_TO_32_BIT_CONVERSION = YES;
				GCC_WARN_ABOUT_RETURN_TYPE = YES_ERROR;
				GCC_WARN_UNDECLARED_SELECTOR = YES;
				GCC_WARN_UNINITIALIZED_AUTOS = YES_AGGRESSIVE;
				GCC_WARN_UNUSED_FUNCTION = YES;
				GCC_WARN_UNUSED_VARIABLE = YES;
				IPHONEOS_DEPLOYMENT_TARGET = 10.1;
				MTL_ENABLE_DEBUG_INFO = NO;
				SDKROOT = iphoneos;
				VALIDATE_PRODUCT = YES;
			};
			name = Release;
		};
		B3CC71A71DE79CED0071FFEC /* Debug */ = {
			isa = XCBuildConfiguration;
			buildSettings = {
				ASSETCATALOG_COMPILER_APPICON_NAME = AppIcon;
				INFOPLIST_FILE = "Map-C/Info.plist";
				LD_RUNPATH_SEARCH_PATHS = "$(inherited) @executable_path/Frameworks";
				PRODUCT_BUNDLE_IDENTIFIER = "com.example.Map-C";
				PRODUCT_NAME = "$(TARGET_NAME)";
			};
			name = Debug;
		};
		B3CC71A81DE79CED0071FFEC /* Release */ = {
			isa = XCBuildConfiguration;
			buildSettings = {
				ASSETCATALOG_COMPILER_APPICON_NAME = AppIcon;
				INFOPLIST_FILE = "Map-C/Info.plist";
				LD_RUNPATH_SEARCH_PATHS = "$(inherited) @executable_path/Frameworks";
				PRODUCT_BUNDLE_IDENTIFIER = "com.example.Map-C";
				PRODUCT_NAME = "$(TARGET_NAME)";
			};
			name = Release;
		};
/* End XCBuildConfiguration section */

/* Begin XCConfigurationList section */
		B3CC718A1DE79CEC0071FFEC /* Build configuration list for PBXProject "Map-C" */ = {
			isa = XCConfigurationList;
			buildConfigurations = (
				B3CC71A41DE79CED0071FFEC /* Debug */,
				B3CC71A51DE79CED0071FFEC /* Release */,
			);
			defaultConfigurationIsVisible = 0;
			defaultConfigurationName = Release;
		};
		B3CC71A61DE79CED0071FFEC /* Build configuration list for PBXNativeTarget "Map-C" */ = {
			isa = XCConfigurationList;
			buildConfigurations = (
				B3CC71A71DE79CED0071FFEC /* Debug */,
				B3CC71A81DE79CED0071FFEC /* Release */,
			);
			defaultConfigurationIsVisible = 0;
		};
/* End XCConfigurationList section */
	};
	rootObject = B3CC71871DE79CEC0071FFEC /* Project object */;
}
